
Microsoft Visual Studio Solution File, Format Version 12.00
# Visual Studio 2013
VisualStudioVersion = 12.0.31101.0
MinimumVisualStudioVersion = 10.0.40219.1
Project("{FAE04EC0-301F-11D3-BF4B-00C04F79EFBC}") = "UnityCache", "UnityCache\UnityCache.csproj", "{E4E90F7E-915F-4A98-A3B0-F0FC9609CDDB}"
EndProject
Project("{FAE04EC0-301F-11D3-BF4B-00C04F79EFBC}") = "UnityCacheTests", "UnityCacheTests\UnityCacheTests.csproj", "{A3082169-F2DC-4C16-B4BE-44C07B5CA33F}"
EndProject
Project("{2150E333-8FDC-42A3-9474-1A3956D46DE8}") = "Solution Items", "Solution Items", "{67D29E7D-BA18-462C-97B4-B7EF5EC379A4}"
	ProjectSection(SolutionItems) = preProject
		.gitignore = .gitignore
	EndProjectSection
EndProject
Global
	GlobalSection(SolutionConfigurationPlatforms) = preSolution
		Debug|Any CPU = Debug|Any CPU
		Debug|Mixed Platforms = Debug|Mixed Platforms
		Debug|x86 = Debug|x86
		Release|Any CPU = Release|Any CPU
		Release|Mixed Platforms = Release|Mixed Platforms
		Release|x86 = Release|x86
	EndGlobalSection
	GlobalSection(ProjectConfigurationPlatforms) = postSolution
		{E4E90F7E-915F-4A98-A3B0-F0FC9609CDDB}.Debug|Any CPU.ActiveCfg = Debug|x86
		{E4E90F7E-915F-4A98-A3B0-F0FC9609CDDB}.Debug|Mixed Platforms.ActiveCfg = Debug|x86
		{E4E90F7E-915F-4A98-A3B0-F0FC9609CDDB}.Debug|Mixed Platforms.Build.0 = Debug|x86
		{E4E90F7E-915F-4A98-A3B0-F0FC9609CDDB}.Debug|x86.ActiveCfg = Debug|x86
		{E4E90F7E-915F-4A98-A3B0-F0FC9609CDDB}.Debug|x86.Build.0 = Debug|x86
		{E4E90F7E-915F-4A98-A3B0-F0FC9609CDDB}.Release|Any CPU.ActiveCfg = Release|x86
		{E4E90F7E-915F-4A98-A3B0-F0FC9609CDDB}.Release|Mixed Platforms.ActiveCfg = Release|x86
		{E4E90F7E-915F-4A98-A3B0-F0FC9609CDDB}.Release|Mixed Platforms.Build.0 = Release|x86
		{E4E90F7E-915F-4A98-A3B0-F0FC9609CDDB}.Release|x86.ActiveCfg = Release|x86
		{E4E90F7E-915F-4A98-A3B0-F0FC9609CDDB}.Release|x86.Build.0 = Release|x86
		{A3082169-F2DC-4C16-B4BE-44C07B5CA33F}.Debug|Any CPU.ActiveCfg = Debug|Any CPU
		{A3082169-F2DC-4C16-B4BE-44C07B5CA33F}.Debug|Any CPU.Build.0 = Debug|Any CPU
		{A3082169-F2DC-4C16-B4BE-44C07B5CA33F}.Debug|Mixed Platforms.ActiveCfg = Debug|Any CPU
		{A3082169-F2DC-4C16-B4BE-44C07B5CA33F}.Debug|Mixed Platforms.Build.0 = Debug|Any CPU
		{A3082169-F2DC-4C16-B4BE-44C07B5CA33F}.Debug|x86.ActiveCfg = Debug|Any CPU
		{A3082169-F2DC-4C16-B4BE-44C07B5CA33F}.Release|Any CPU.ActiveCfg = Release|Any CPU
		{A3082169-F2DC-4C16-B4BE-44C07B5CA33F}.Release|Any CPU.Build.0 = Release|Any CPU
		{A3082169-F2DC-4C16-B4BE-44C07B5CA33F}.Release|Mixed Platforms.ActiveCfg = Release|Any CPU
		{A3082169-F2DC-4C16-B4BE-44C07B5CA33F}.Release|Mixed Platforms.Build.0 = Release|Any CPU
		{A3082169-F2DC-4C16-B4BE-44C07B5CA33F}.Release|x86.ActiveCfg = Release|Any CPU
	EndGlobalSection
	GlobalSection(SolutionProperties) = preSolution
		HideSolutionNode = FALSE
	EndGlobalSection
	GlobalSection(MonoDevelopProperties) = preSolution
		StartupItem = ucs\ucs.csproj
	EndGlobalSection
EndGlobal
